// !$*UTF8*$!
{
	archiveVersion = 1;
	classes = {
	};
	objectVersion = 46;
	objects = {

/* Begin PBXBuildFile section */
		520DDCD21CD1072700A48664 /* AppDelegate.swift in Sources */ = {isa = PBXBuildFile; fileRef = 520DDCD11CD1072700A48664 /* AppDelegate.swift */; };
		520DDCD41CD1072800A48664 /* ViewController.swift in Sources */ = {isa = PBXBuildFile; fileRef = 520DDCD31CD1072800A48664 /* ViewController.swift */; };
		520DDCD71CD1072800A48664 /* Main.storyboard in Resources */ = {isa = PBXBuildFile; fileRef = 520DDCD51CD1072800A48664 /* Main.storyboard */; };
		520DDCD91CD1072800A48664 /* Assets.xcassets in Resources */ = {isa = PBXBuildFile; fileRef = 520DDCD81CD1072800A48664 /* Assets.xcassets */; };
		520DDCDC1CD1072800A48664 /* LaunchScreen.storyboard in Resources */ = {isa = PBXBuildFile; fileRef = 520DDCDA1CD1072800A48664 /* LaunchScreen.storyboard */; };
		520DDCE71CD1072800A48664 /* testRepoInviteTests.swift in Sources */ = {isa = PBXBuildFile; fileRef = 520DDCE61CD1072800A48664 /* testRepoInviteTests.swift */; };
		520DDCF21CD1072800A48664 /* testRepoInviteUITests.swift in Sources */ = {isa = PBXBuildFile; fileRef = 520DDCF11CD1072800A48664 /* testRepoInviteUITests.swift */; };
/* End PBXBuildFile section */

/* Begin PBXContainerItemProxy section */
		520DDCE31CD1072800A48664 /* PBXContainerItemProxy */ = {
			isa = PBXContainerItemProxy;
			containerPortal = 520DDCC61CD1072700A48664 /* Project object */;
			proxyType = 1;
			remoteGlobalIDString = 520DDCCD1CD1072700A48664;
			remoteInfo = testRepoInvite;
		};
		520DDCEE1CD1072800A48664 /* PBXContainerItemProxy */ = {
			isa = PBXContainerItemProxy;
			containerPortal = 520DDCC61CD1072700A48664 /* Project object */;
			proxyType = 1;
			remoteGlobalIDString = 520DDCCD1CD1072700A48664;
			remoteInfo = testRepoInvite;
		};
/* End PBXContainerItemProxy section */

/* Begin PBXFileReference section */
		520DDCCE1CD1072700A48664 /* testRepoInvite.app */ = {isa = PBXFileReference; explicitFileType = wrapper.application; includeInIndex = 0; path = testRepoInvite.app; sourceTree = BUILT_PRODUCTS_DIR; };
		520DDCD11CD1072700A48664 /* AppDelegate.swift */ = {isa = PBXFileReference; lastKnownFileType = sourcecode.swift; path = AppDelegate.swift; sourceTree = "<group>"; };
		520DDCD31CD1072800A48664 /* ViewController.swift */ = {isa = PBXFileReference; lastKnownFileType = sourcecode.swift; path = ViewController.swift; sourceTree = "<group>"; };
		520DDCD61CD1072800A48664 /* Base */ = {isa = PBXFileReference; lastKnownFileType = file.storyboard; name = Base; path = Base.lproj/Main.storyboard; sourceTree = "<group>"; };
		520DDCD81CD1072800A48664 /* Assets.xcassets */ = {isa = PBXFileReference; lastKnownFileType = folder.assetcatalog; path = Assets.xcassets; sourceTree = "<group>"; };
		520DDCDB1CD1072800A48664 /* Base */ = {isa = PBXFileReference; lastKnownFileType = file.storyboard; name = Base; path = Base.lproj/LaunchScreen.storyboard; sourceTree = "<group>"; };
		520DDCDD1CD1072800A48664 /* Info.plist */ = {isa = PBXFileReference; lastKnownFileType = text.plist.xml; path = Info.plist; sourceTree = "<group>"; };
		520DDCE21CD1072800A48664 /* testRepoInviteTests.xctest */ = {isa = PBXFileReference; explicitFileType = wrapper.cfbundle; includeInIndex = 0; path = testRepoInviteTests.xctest; sourceTree = BUILT_PRODUCTS_DIR; };
		520DDCE61CD1072800A48664 /* testRepoInviteTests.swift */ = {isa = PBXFileReference; lastKnownFileType = sourcecode.swift; path = testRepoInviteTests.swift; sourceTree = "<group>"; };
		520DDCE81CD1072800A48664 /* Info.plist */ = {isa = PBXFileReference; lastKnownFileType = text.plist.xml; path = Info.plist; sourceTree = "<group>"; };
		520DDCED1CD1072800A48664 /* testRepoInviteUITests.xctest */ = {isa = PBXFileReference; explicitFileType = wrapper.cfbundle; includeInIndex = 0; path = testRepoInviteUITests.xctest; sourceTree = BUILT_PRODUCTS_DIR; };
		520DDCF11CD1072800A48664 /* testRepoInviteUITests.swift */ = {isa = PBXFileReference; lastKnownFileType = sourcecode.swift; path = testRepoInviteUITests.swift; sourceTree = "<group>"; };
		520DDCF31CD1072800A48664 /* Info.plist */ = {isa = PBXFileReference; lastKnownFileType = text.plist.xml; path = Info.plist; sourceTree = "<group>"; };
/* End PBXFileReference section */

/* Begin PBXFrameworksBuildPhase section */
		520DDCCB1CD1072700A48664 /* Frameworks */ = {
			isa = PBXFrameworksBuildPhase;
			buildActionMask = 2147483647;
			files = (
			);
			runOnlyForDeploymentPostprocessing = 0;
		};
		520DDCDF1CD1072800A48664 /* Frameworks */ = {
			isa = PBXFrameworksBuildPhase;
			buildActionMask = 2147483647;
			files = (
			);
			runOnlyForDeploymentPostprocessing = 0;
		};
		520DDCEA1CD1072800A48664 /* Frameworks */ = {
			isa = PBXFrameworksBuildPhase;
			buildActionMask = 2147483647;
			files = (
			);
			runOnlyForDeploymentPostprocessing = 0;
		};
/* End PBXFrameworksBuildPhase section */

/* Begin PBXGroup section */
		520DDCC51CD1072700A48664 = {
			isa = PBXGroup;
			children = (
				520DDCD01CD1072700A48664 /* testRepoInvite */,
				520DDCE51CD1072800A48664 /* testRepoInviteTests */,
				520DDCF01CD1072800A48664 /* testRepoInviteUITests */,
				520DDCCF1CD1072700A48664 /* Products */,
			);
			sourceTree = "<group>";
		};
		520DDCCF1CD1072700A48664 /* Products */ = {
			isa = PBXGroup;
			children = (
				520DDCCE1CD1072700A48664 /* testRepoInvite.app */,
				520DDCE21CD1072800A48664 /* testRepoInviteTests.xctest */,
				520DDCED1CD1072800A48664 /* testRepoInviteUITests.xctest */,
			);
			name = Products;
			sourceTree = "<group>";
		};
		520DDCD01CD1072700A48664 /* testRepoInvite */ = {
			isa = PBXGroup;
			children = (
				520DDCD11CD1072700A48664 /* AppDelegate.swift */,
				520DDCD31CD1072800A48664 /* ViewController.swift */,
				520DDCD51CD1072800A48664 /* Main.storyboard */,
				520DDCD81CD1072800A48664 /* Assets.xcassets */,
				520DDCDA1CD1072800A48664 /* LaunchScreen.storyboard */,
				520DDCDD1CD1072800A48664 /* Info.plist */,
			);
			path = testRepoInvite;
			sourceTree = "<group>";
		};
		520DDCE51CD1072800A48664 /* testRepoInviteTests */ = {
			isa = PBXGroup;
			children = (
				520DDCE61CD1072800A48664 /* testRepoInviteTests.swift */,
				520DDCE81CD1072800A48664 /* Info.plist */,
			);
			path = testRepoInviteTests;
			sourceTree = "<group>";
		};
		520DDCF01CD1072800A48664 /* testRepoInviteUITests */ = {
			isa = PBXGroup;
			children = (
				520DDCF11CD1072800A48664 /* testRepoInviteUITests.swift */,
				520DDCF31CD1072800A48664 /* Info.plist */,
			);
			path = testRepoInviteUITests;
			sourceTree = "<group>";
		};
/* End PBXGroup section */

/* Begin PBXNativeTarget section */
		520DDCCD1CD1072700A48664 /* testRepoInvite */ = {
			isa = PBXNativeTarget;
			buildConfigurationList = 520DDCF61CD1072800A48664 /* Build configuration list for PBXNativeTarget "testRepoInvite" */;
			buildPhases = (
				520DDCCA1CD1072700A48664 /* Sources */,
				520DDCCB1CD1072700A48664 /* Frameworks */,
				520DDCCC1CD1072700A48664 /* Resources */,
			);
			buildRules = (
			);
			dependencies = (
			);
			name = testRepoInvite;
			productName = testRepoInvite;
			productReference = 520DDCCE1CD1072700A48664 /* testRepoInvite.app */;
			productType = "com.apple.product-type.application";
		};
		520DDCE11CD1072800A48664 /* testRepoInviteTests */ = {
			isa = PBXNativeTarget;
			buildConfigurationList = 520DDCF91CD1072800A48664 /* Build configuration list for PBXNativeTarget "testRepoInviteTests" */;
			buildPhases = (
				520DDCDE1CD1072800A48664 /* Sources */,
				520DDCDF1CD1072800A48664 /* Frameworks */,
				520DDCE01CD1072800A48664 /* Resources */,
			);
			buildRules = (
			);
			dependencies = (
				520DDCE41CD1072800A48664 /* PBXTargetDependency */,
			);
			name = testRepoInviteTests;
			productName = testRepoInviteTests;
			productReference = 520DDCE21CD1072800A48664 /* testRepoInviteTests.xctest */;
			productType = "com.apple.product-type.bundle.unit-test";
		};
		520DDCEC1CD1072800A48664 /* testRepoInviteUITests */ = {
			isa = PBXNativeTarget;
			buildConfigurationList = 520DDCFC1CD1072800A48664 /* Build configuration list for PBXNativeTarget "testRepoInviteUITests" */;
			buildPhases = (
				520DDCE91CD1072800A48664 /* Sources */,
				520DDCEA1CD1072800A48664 /* Frameworks */,
				520DDCEB1CD1072800A48664 /* Resources */,
			);
			buildRules = (
			);
			dependencies = (
				520DDCEF1CD1072800A48664 /* PBXTargetDependency */,
			);
			name = testRepoInviteUITests;
			productName = testRepoInviteUITests;
			productReference = 520DDCED1CD1072800A48664 /* testRepoInviteUITests.xctest */;
			productType = "com.apple.product-type.bundle.ui-testing";
		};
/* End PBXNativeTarget section */

/* Begin PBXProject section */
		520DDCC61CD1072700A48664 /* Project object */ = {
			isa = PBXProject;
			attributes = {
				LastSwiftUpdateCheck = 0730;
				LastUpgradeCheck = 0730;
				ORGANIZATIONNAME = Andrey2;
				TargetAttributes = {
					520DDCCD1CD1072700A48664 = {
						CreatedOnToolsVersion = 7.3;
					};
					520DDCE11CD1072800A48664 = {
						CreatedOnToolsVersion = 7.3;
						TestTargetID = 520DDCCD1CD1072700A48664;
					};
					520DDCEC1CD1072800A48664 = {
						CreatedOnToolsVersion = 7.3;
						TestTargetID = 520DDCCD1CD1072700A48664;
					};
				};
			};
			buildConfigurationList = 520DDCC91CD1072700A48664 /* Build configuration list for PBXProject "testRepoInvite" */;
			compatibilityVersion = "Xcode 3.2";
			developmentRegion = English;
			hasScannedForEncodings = 0;
			knownRegions = (
				en,
				Base,
			);
			mainGroup = 520DDCC51CD1072700A48664;
			productRefGroup = 520DDCCF1CD1072700A48664 /* Products */;
			projectDirPath = "";
			projectRoot = "";
			targets = (
				520DDCCD1CD1072700A48664 /* testRepoInvite */,
				520DDCE11CD1072800A48664 /* testRepoInviteTests */,
				520DDCEC1CD1072800A48664 /* testRepoInviteUITests */,
			);
		};
/* End PBXProject section */

/* Begin PBXResourcesBuildPhase section */
		520DDCCC1CD1072700A48664 /* Resources */ = {
			isa = PBXResourcesBuildPhase;
			buildActionMask = 2147483647;
			files = (
				520DDCDC1CD1072800A48664 /* LaunchScreen.storyboard in Resources */,
				520DDCD91CD1072800A48664 /* Assets.xcassets in Resources */,
				520DDCD71CD1072800A48664 /* Main.storyboard in Resources */,
			);
			runOnlyForDeploymentPostprocessing = 0;
		};
		520DDCE01CD1072800A48664 /* Resources */ = {
			isa = PBXResourcesBuildPhase;
			buildActionMask = 2147483647;
			files = (
			);
			runOnlyForDeploymentPostprocessing = 0;
		};
		520DDCEB1CD1072800A48664 /* Resources */ = {
			isa = PBXResourcesBuildPhase;
			buildActionMask = 2147483647;
			files = (
			);
			runOnlyForDeploymentPostprocessing = 0;
		};
/* End PBXResourcesBuildPhase section */

/* Begin PBXSourcesBuildPhase section */
		520DDCCA1CD1072700A48664 /* Sources */ = {
			isa = PBXSourcesBuildPhase;
			buildActionMask = 2147483647;
			files = (
				520DDCD41CD1072800A48664 /* ViewController.swift in Sources */,
				520DDCD21CD1072700A48664 /* AppDelegate.swift in Sources */,
			);
			runOnlyForDeploymentPostprocessing = 0;
		};
		520DDCDE1CD1072800A48664 /* Sources */ = {
			isa = PBXSourcesBuildPhase;
			buildActionMask = 2147483647;
			files = (
				520DDCE71CD1072800A48664 /* testRepoInviteTests.swift in Sources */,
			);
			runOnlyForDeploymentPostprocessing = 0;
		};
		520DDCE91CD1072800A48664 /* Sources */ = {
			isa = PBXSourcesBuildPhase;
			buildActionMask = 2147483647;
			files = (
				520DDCF21CD1072800A48664 /* testRepoInviteUITests.swift in Sources */,
			);
			runOnlyForDeploymentPostprocessing = 0;
		};
/* End PBXSourcesBuildPhase section */

/* Begin PBXTargetDependency section */
		520DDCE41CD1072800A48664 /* PBXTargetDependency */ = {
			isa = PBXTargetDependency;
			target = 520DDCCD1CD1072700A48664 /* testRepoInvite */;
			targetProxy = 520DDCE31CD1072800A48664 /* PBXContainerItemProxy */;
		};
		520DDCEF1CD1072800A48664 /* PBXTargetDependency */ = {
			isa = PBXTargetDependency;
			target = 520DDCCD1CD1072700A48664 /* testRepoInvite */;
			targetProxy = 520DDCEE1CD1072800A48664 /* PBXContainerItemProxy */;
		};
/* End PBXTargetDependency section */

/* Begin PBXVariantGroup section */
		520DDCD51CD1072800A48664 /* Main.storyboard */ = {
			isa = PBXVariantGroup;
			children = (
				520DDCD61CD1072800A48664 /* Base */,
			);
			name = Main.storyboard;
			sourceTree = "<group>";
		};
		520DDCDA1CD1072800A48664 /* LaunchScreen.storyboard */ = {
			isa = PBXVariantGroup;
			children = (
				520DDCDB1CD1072800A48664 /* Base */,
			);
			name = LaunchScreen.storyboard;
			sourceTree = "<group>";
		};
/* End PBXVariantGroup section */

/* Begin XCBuildConfiguration section */
		520DDCF41CD1072800A48664 /* Debug */ = {
			isa = XCBuildConfiguration;
			buildSettings = {
				ALWAYS_SEARCH_USER_PATHS = NO;
				CLANG_ANALYZER_NONNULL = YES;
				CLANG_CXX_LANGUAGE_STANDARD = "gnu++0x";
				CLANG_CXX_LIBRARY = "libc++";
				CLANG_ENABLE_MODULES = YES;
				CLANG_ENABLE_OBJC_ARC = YES;
				CLANG_WARN_BOOL_CONVERSION = YES;
				CLANG_WARN_CONSTANT_CONVERSION = YES;
				CLANG_WARN_DIRECT_OBJC_ISA_USAGE = YES_ERROR;
				CLANG_WARN_EMPTY_BODY = YES;
				CLANG_WARN_ENUM_CONVERSION = YES;
				CLANG_WARN_INT_CONVERSION = YES;
				CLANG_WARN_OBJC_ROOT_CLASS = YES_ERROR;
				CLANG_WARN_UNREACHABLE_CODE = YES;
				CLANG_WARN__DUPLICATE_METHOD_MATCH = YES;
				"CODE_SIGN_IDENTITY[sdk=iphoneos*]" = "iPhone Developer";
				COPY_PHASE_STRIP = NO;
				DEBUG_INFORMATION_FORMAT = dwarf;
				ENABLE_STRICT_OBJC_MSGSEND = YES;
				ENABLE_TESTABILITY = YES;
				GCC_C_LANGUAGE_STANDARD = gnu99;
				GCC_DYNAMIC_NO_PIC = NO;
				GCC_NO_COMMON_BLOCKS = YES;
				GCC_OPTIMIZATION_LEVEL = 0;
				GCC_PREPROCESSOR_DEFINITIONS = (
					"DEBUG=1",
					"$(inherited)",
				);
				GCC_WARN_64_TO_32_BIT_CONVERSION = YES;
				GCC_WARN_ABOUT_RETURN_TYPE = YES_ERROR;
				GCC_WARN_UNDECLARED_SELECTOR = YES;
				GCC_WARN_UNINITIALIZED_AUTOS = YES_AGGRESSIVE;
				GCC_WARN_UNUSED_FUNCTION = YES;
				GCC_WARN_UNUSED_VARIABLE = YES;
				IPHONEOS_DEPLOYMENT_TARGET = 9.3;
				MTL_ENABLE_DEBUG_INFO = YES;
				ONLY_ACTIVE_ARCH = YES;
				SDKROOT = iphoneos;
				SWIFT_OPTIMIZATION_LEVEL = "-Onone";
				TARGETED_DEVICE_FAMILY = "1,2";
			};
			name = Debug;
		};
		520DDCF51CD1072800A48664 /* Release */ = {
			isa = XCBuildConfiguration;
			buildSettings = {
				ALWAYS_SEARCH_USER_PATHS = NO;
				CLANG_ANALYZER_NONNULL = YES;
				CLANG_CXX_LANGUAGE_STANDARD = "gnu++0x";
				CLANG_CXX_LIBRARY = "libc++";
				CLANG_ENABLE_MODULES = YES;
				CLANG_ENABLE_OBJC_ARC = YES;
				CLANG_WARN_BOOL_CONVERSION = YES;
				CLANG_WARN_CONSTANT_CONVERSION = YES;
				CLANG_WARN_DIRECT_OBJC_ISA_USAGE = YES_ERROR;
				CLANG_WARN_EMPTY_BODY = YES;
				CLANG_WARN_ENUM_CONVERSION = YES;
				CLANG_WARN_INT_CONVERSION = YES;
				CLANG_WARN_OBJC_ROOT_CLASS = YES_ERROR;
				CLANG_WARN_UNREACHABLE_CODE = YES;
				CLANG_WARN__DUPLICATE_METHOD_MATCH = YES;
				"CODE_SIGN_IDENTITY[sdk=iphoneos*]" = "iPhone Developer";
				COPY_PHASE_STRIP = NO;
				DEBUG_INFORMATION_FORMAT = "dwarf-with-dsym";
				ENABLE_NS_ASSERTIONS = NO;
				ENABLE_STRICT_OBJC_MSGSEND = YES;
				GCC_C_LANGUAGE_STANDARD = gnu99;
				GCC_NO_COMMON_BLOCKS = YES;
				GCC_WARN_64_TO_32_BIT_CONVERSION = YES;
				GCC_WARN_ABOUT_RETURN_TYPE = YES_ERROR;
				GCC_WARN_UNDECLARED_SELECTOR = YES;
				GCC_WARN_UNINITIALIZED_AUTOS = YES_AGGRESSIVE;
				GCC_WARN_UNUSED_FUNCTION = YES;
				GCC_WARN_UNUSED_VARIABLE = YES;
				IPHONEOS_DEPLOYMENT_TARGET = 9.3;
				MTL_ENABLE_DEBUG_INFO = NO;
				SDKROOT = iphoneos;
				TARGETED_DEVICE_FAMILY = "1,2";
				VALIDATE_PRODUCT = YES;
			};
			name = Release;
		};
		520DDCF71CD1072800A48664 /* Debug */ = {
			isa = XCBuildConfiguration;
			buildSettings = {
				ASSETCATALOG_COMPILER_APPICON_NAME = AppIcon;
				INFOPLIST_FILE = testRepoInvite/Info.plist;
				LD_RUNPATH_SEARCH_PATHS = "$(inherited) @executable_path/Frameworks";
				PRODUCT_BUNDLE_IDENTIFIER = tv.tviz.testRepoInvite;
				PRODUCT_NAME = "$(TARGET_NAME)";
			};
			name = Debug;
		};
		520DDCF81CD1072800A48664 /* Release */ = {
			isa = XCBuildConfiguration;
			buildSettings = {
				ASSETCATALOG_COMPILER_APPICON_NAME = AppIcon;
				INFOPLIST_FILE = testRepoInvite/Info.plist;
				LD_RUNPATH_SEARCH_PATHS = "$(inherited) @executable_path/Frameworks";
				PRODUCT_BUNDLE_IDENTIFIER = tv.tviz.testRepoInvite;
				PRODUCT_NAME = "$(TARGET_NAME)";
			};
			name = Release;
		};
		520DDCFA1CD1072800A48664 /* Debug */ = {
			isa = XCBuildConfiguration;
			buildSettings = {
				BUNDLE_LOADER = "$(TEST_HOST)";
				INFOPLIST_FILE = testRepoInviteTests/Info.plist;
				LD_RUNPATH_SEARCH_PATHS = "$(inherited) @executable_path/Frameworks @loader_path/Frameworks";
				PRODUCT_BUNDLE_IDENTIFIER = tv.tviz.testRepoInviteTests;
				PRODUCT_NAME = "$(TARGET_NAME)";
				TEST_HOST = "$(BUILT_PRODUCTS_DIR)/testRepoInvite.app/testRepoInvite";
			};
			name = Debug;
		};
		520DDCFB1CD1072800A48664 /* Release */ = {
			isa = XCBuildConfiguration;
			buildSettings = {
				BUNDLE_LOADER = "$(TEST_HOST)";
				INFOPLIST_FILE = testRepoInviteTests/Info.plist;
				LD_RUNPATH_SEARCH_PATHS = "$(inherited) @executable_path/Frameworks @loader_path/Frameworks";
				PRODUCT_BUNDLE_IDENTIFIER = tv.tviz.testRepoInviteTests;
				PRODUCT_NAME = "$(TARGET_NAME)";
				TEST_HOST = "$(BUILT_PRODUCTS_DIR)/testRepoInvite.app/testRepoInvite";
			};
			name = Release;
		};
		520DDCFD1CD1072800A48664 /* Debug */ = {
			isa = XCBuildConfiguration;
			buildSettings = {
				INFOPLIST_FILE = testRepoInviteUITests/Info.plist;
				LD_RUNPATH_SEARCH_PATHS = "$(inherited) @executable_path/Frameworks @loader_path/Frameworks";
				PRODUCT_BUNDLE_IDENTIFIER = tv.tviz.testRepoInviteUITests;
				PRODUCT_NAME = "$(TARGET_NAME)";
				TEST_TARGET_NAME = testRepoInvite;
			};
			name = Debug;
		};
		520DDCFE1CD1072800A48664 /* Release */ = {
			isa = XCBuildConfiguration;
			buildSettings = {
				INFOPLIST_FILE = testRepoInviteUITests/Info.plist;
				LD_RUNPATH_SEARCH_PATHS = "$(inherited) @executable_path/Frameworks @loader_path/Frameworks";
				PRODUCT_BUNDLE_IDENTIFIER = tv.tviz.testRepoInviteUITests;
				PRODUCT_NAME = "$(TARGET_NAME)";
				TEST_TARGET_NAME = testRepoInvite;
			};
			name = Release;
		};
/* End XCBuildConfiguration section */

/* Begin XCConfigurationList section */
		520DDCC91CD1072700A48664 /* Build configuration list for PBXProject "testRepoInvite" */ = {
			isa = XCConfigurationList;
			buildConfigurations = (
				520DDCF41CD1072800A48664 /* Debug */,
				520DDCF51CD1072800A48664 /* Release */,
			);
			defaultConfigurationIsVisible = 0;
			defaultConfigurationName = Release;
		};
		520DDCF61CD1072800A48664 /* Build configuration list for PBXNativeTarget "testRepoInvite" */ = {
			isa = XCConfigurationList;
			buildConfigurations = (
				520DDCF71CD1072800A48664 /* Debug */,
				520DDCF81CD1072800A48664 /* Release */,
			);
			defaultConfigurationIsVisible = 0;
		};
		520DDCF91CD1072800A48664 /* Build configuration list for PBXNativeTarget "testRepoInviteTests" */ = {
			isa = XCConfigurationList;
			buildConfigurations = (
				520DDCFA1CD1072800A48664 /* Debug */,
				520DDCFB1CD1072800A48664 /* Release */,
			);
			defaultConfigurationIsVisible = 0;
		};
		520DDCFC1CD1072800A48664 /* Build configuration list for PBXNativeTarget "testRepoInviteUITests" */ = {
			isa = XCConfigurationList;
			buildConfigurations = (
				520DDCFD1CD1072800A48664 /* Debug */,
				520DDCFE1CD1072800A48664 /* Release */,
			);
			defaultConfigurationIsVisible = 0;
		};
/* End XCConfigurationList section */
	};
	rootObject = 520DDCC61CD1072700A48664 /* Project object */;
}
